<?xml version="1.0" encoding="UTF-8"?>
<!DOCTYPE plist PUBLIC "-//Apple//DTD PLIST 1.0//EN" "http://www.apple.com/DTDs/PropertyList-1.0.dtd">
<plist version="1.0">
<dict>
	<key>archiveVersion</key>
	<string>1</string>
	<key>classes</key>
	<dict/>
	<key>objectVersion</key>
	<string>46</string>
	<key>objects</key>
	<dict>
		<key>00b15ae1335334f5f2059a34</key>
		<dict>
			<key>fileRef</key>
			<string>C70F6EAB18A0F35800A004E7</string>
			<key>isa</key>
			<string>PBXBuildFile</string>
		</dict>
		<key>087091fc9b2b92b614c85773</key>
		<dict>
			<key>fileRef</key>
			<string>C70F6EB418A0F35800A004E7</string>
			<key>isa</key>
			<string>PBXBuildFile</string>
		</dict>
		<key>15a00a86334b4d496c32ee23</key>
		<dict>
			<key>buildActionMask</key>
			<string>2147483647</string>
			<key>files</key>
			<array>
				<string>9ac1593044d5f4ff3e3c2abc</string>
				<string>d6ad8e17035a435d652bd268</string>
				<string>e609f9bf26574b22390a3df2</string>
				<string>d128f567f0e54992d211d840</string>
				<string>9a08ba331d6910d79e5b96a4</string>
				<string>aabc2e1806646a30755b9532</string>
			</array>
			<key>isa</key>
			<string>PBXFrameworksBuildPhase</string>
			<key>runOnlyForDeploymentPostprocessing</key>
			<string>0</string>
		</dict>
		<key>1c5d537316319c6c9bbfc6f6</key>
		<dict>
			<key>fileRef</key>
			<string>C70F6EB218A0F35800A004E7</string>
			<key>isa</key>
			<string>PBXBuildFile</string>
		</dict>
		<key>1e9492ec63d3385f142402a7</key>
		<dict>
			<key>buildSettings</key>
			<dict>
				<key>ASSETCATALOG_COMPILER_APPICON_NAME</key>
				<string>AppIcon</string>
				<key>ASSETCATALOG_COMPILER_LAUNCHIMAGE_NAME</key>
				<string>LaunchImage</string>
				<key>FRAMEWORK_SEARCH_PATHS</key>
				<array>
					<string>$(inherited)</string>
					<string>"$(SRCROOT)"</string>
				</array>
				<key>GCC_PRECOMPILE_PREFIX_HEADER</key>
				<string>YES</string>
				<key>GCC_PREFIX_HEADER</key>
				<string>Notepad/Notepad-Prefix.pch</string>
				<key>INFOPLIST_FILE</key>
				<string>Notepad/Notepad-Info.plist</string>
				<key>OTHER_LDFLAGS</key>
				<array>
					<string>$(inherited)</string>
					<string>-force_load</string>
					<string>"$(SRCROOT)/calabash.framework/calabash"</string>
					<string>-lstdc++</string>
				</array>
				<key>PRODUCT_NAME</key>
				<string>$(TARGET_NAME)</string>
				<key>WRAPPER_EXTENSION</key>
				<string>app</string>
			</dict>
			<key>isa</key>
			<string>XCBuildConfiguration</string>
			<key>name</key>
			<string>Release</string>
		</dict>
		<key>254b4f487b300edd0ac1a1f2</key>
		<dict>
			<key>fileRef</key>
			<string>C70F6EA818A0F35800A004E7</string>
			<key>isa</key>
			<string>PBXBuildFile</string>
		</dict>
		<key>2829945639997a0d9c1be156</key>
		<dict>
			<key>buildSettings</key>
			<dict>
				<key>ASSETCATALOG_COMPILER_APPICON_NAME</key>
				<string>AppIcon</string>
				<key>ASSETCATALOG_COMPILER_LAUNCHIMAGE_NAME</key>
				<string>LaunchImage</string>
				<key>FRAMEWORK_SEARCH_PATHS</key>
				<array>
					<string>$(inherited)</string>
					<string>"$(SRCROOT)"</string>
				</array>
				<key>GCC_PRECOMPILE_PREFIX_HEADER</key>
				<string>YES</string>
				<key>GCC_PREFIX_HEADER</key>
				<string>Notepad/Notepad-Prefix.pch</string>
				<key>INFOPLIST_FILE</key>
				<string>Notepad/Notepad-Info.plist</string>
				<key>OTHER_LDFLAGS</key>
				<array>
					<string>$(inherited)</string>
					<string>-force_load</string>
					<string>"$(SRCROOT)/calabash.framework/calabash"</string>
					<string>-lstdc++</string>
				</array>
				<key>PRODUCT_NAME</key>
				<string>$(TARGET_NAME)</string>
				<key>WRAPPER_EXTENSION</key>
				<string>app</string>
			</dict>
			<key>isa</key>
			<string>XCBuildConfiguration</string>
			<key>name</key>
			<string>Debug</string>
		</dict>
		<key>476df71d271298a4a05f5dec</key>
		<dict>
			<key>fileRef</key>
			<string>C70F6ED618A0F9E500A004E7</string>
			<key>isa</key>
			<string>PBXBuildFile</string>
		</dict>
		<key>4fb60c645ac4e18525d20eaa</key>
		<dict>
			<key>fileRef</key>
			<string>C70F6E9F18A0F35800A004E7</string>
			<key>isa</key>
			<string>PBXBuildFile</string>
		</dict>
		<key>5bbfe376421188cdf208c211</key>
		<dict>
			<key>fileRef</key>
			<string>C70F6EA218A0F35800A004E7</string>
			<key>isa</key>
			<string>PBXBuildFile</string>
		</dict>
		<key>76ac340e9e56fcc91ec1d8e3</key>
		<dict>
			<key>fileEncoding</key>
			<string>4</string>
			<key>isa</key>
			<string>PBXFileReference</string>
			<key>lastKnownFileType</key>
			<string>wrapper.framework</string>
			<key>name</key>
			<string>CFNetwork.framework</string>
			<key>path</key>
			<string>System/Library/Frameworks/CFNetwork.framework</string>
			<key>sourceTree</key>
			<string>SDKROOT</string>
		</dict>
		<key>9a08ba331d6910d79e5b96a4</key>
		<dict>
			<key>fileRef</key>
			<string>76ac340e9e56fcc91ec1d8e3</string>
			<key>isa</key>
			<string>PBXBuildFile</string>
		</dict>
		<key>9ac1593044d5f4ff3e3c2abc</key>
		<dict>
			<key>fileRef</key>
			<string>C70F6E9618A0F35800A004E7</string>
			<key>isa</key>
			<string>PBXBuildFile</string>
		</dict>
		<key>C70F6E8818A0F35800A004E7</key>
		<dict>
			<key>children</key>
			<array>
				<string>C70F6E9C18A0F35800A004E7</string>
				<string>C70F6EC218A0F35800A004E7</string>
				<string>C70F6E9318A0F35800A004E7</string>
				<string>C70F6E9218A0F35800A004E7</string>
			</array>
			<key>isa</key>
			<string>PBXGroup</string>
			<key>sourceTree</key>
			<string>&lt;group&gt;</string>
		</dict>
		<key>C70F6E8918A0F35800A004E7</key>
		<dict>
			<key>attributes</key>
			<dict>
				<key>CLASSPREFIX</key>
				<string>CW</string>
				<key>LastUpgradeCheck</key>
				<string>0500</string>
				<key>ORGANIZATIONNAME</key>
				<string>Jayway</string>
				<key>TargetAttributes</key>
				<dict>
					<key>C70F6EB918A0F35800A004E7</key>
					<dict>
						<key>TestTargetID</key>
						<string>C70F6E9018A0F35800A004E7</string>
					</dict>
				</dict>
			</dict>
			<key>buildConfigurationList</key>
			<string>C70F6E8C18A0F35800A004E7</string>
			<key>compatibilityVersion</key>
			<string>Xcode 3.2</string>
			<key>developmentRegion</key>
			<string>English</string>
			<key>hasScannedForEncodings</key>
			<string>0</string>
			<key>isa</key>
			<string>PBXProject</string>
			<key>knownRegions</key>
			<array>
				<string>en</string>
				<string>Base</string>
			</array>
			<key>mainGroup</key>
			<string>C70F6E8818A0F35800A004E7</string>
			<key>productRefGroup</key>
			<string>C70F6E9218A0F35800A004E7</string>
			<key>projectDirPath</key>
			<string></string>
			<key>projectRoot</key>
			<string></string>
			<key>targets</key>
			<array>
				<string>C70F6E9018A0F35800A004E7</string>
				<string>C70F6EB918A0F35800A004E7</string>
				<string>cd22360fe7d6991f62b29de8</string>
			</array>
		</dict>
		<key>C70F6E8C18A0F35800A004E7</key>
		<dict>
			<key>buildConfigurations</key>
			<array>
				<string>C70F6ECA18A0F35800A004E7</string>
				<string>C70F6ECB18A0F35800A004E7</string>
			</array>
			<key>defaultConfigurationIsVisible</key>
			<string>0</string>
			<key>defaultConfigurationName</key>
			<string>Release</string>
			<key>isa</key>
			<string>XCConfigurationList</string>
		</dict>
		<key>C70F6E8D18A0F35800A004E7</key>
		<dict>
			<key>buildActionMask</key>
			<string>2147483647</string>
			<key>files</key>
			<array>
				<string>C70F6EB018A0F35800A004E7</string>
				<string>C70F6EAD18A0F35800A004E7</string>
				<string>C70F6EB318A0F35800A004E7</string>
				<string>C70F6EA718A0F35800A004E7</string>
				<string>C70F6EA318A0F35800A004E7</string>
				<string>C70F6ED718A0F9E500A004E7</string>
			</array>
			<key>isa</key>
			<string>PBXSourcesBuildPhase</string>
			<key>runOnlyForDeploymentPostprocessing</key>
			<string>0</string>
		</dict>
		<key>C70F6E8E18A0F35800A004E7</key>
		<dict>
			<key>buildActionMask</key>
			<string>2147483647</string>
			<key>files</key>
			<array>
				<string>C70F6E9718A0F35800A004E7</string>
				<string>C70F6E9B18A0F35800A004E7</string>
				<string>C70F6E9918A0F35800A004E7</string>
				<string>C70F6E9518A0F35800A004E7</string>
			</array>
			<key>isa</key>
			<string>PBXFrameworksBuildPhase</string>
			<key>runOnlyForDeploymentPostprocessing</key>
			<string>0</string>
		</dict>
		<key>C70F6E8F18A0F35800A004E7</key>
		<dict>
			<key>buildActionMask</key>
			<string>2147483647</string>
			<key>files</key>
			<array>
				<string>C70F6EB518A0F35800A004E7</string>
				<string>C70F6EA118A0F35800A004E7</string>
				<string>C70F6EAA18A0F35800A004E7</string>
			</array>
			<key>isa</key>
			<string>PBXResourcesBuildPhase</string>
			<key>runOnlyForDeploymentPostprocessing</key>
			<string>0</string>
		</dict>
		<key>C70F6E9018A0F35800A004E7</key>
		<dict>
			<key>buildConfigurationList</key>
			<string>C70F6ECC18A0F35800A004E7</string>
			<key>buildPhases</key>
			<array>
				<string>C70F6E8D18A0F35800A004E7</string>
				<string>C70F6E8E18A0F35800A004E7</string>
				<string>C70F6E8F18A0F35800A004E7</string>
			</array>
			<key>buildRules</key>
			<array/>
			<key>dependencies</key>
			<array/>
			<key>isa</key>
			<string>PBXNativeTarget</string>
			<key>name</key>
			<string>Notepad</string>
			<key>productName</key>
			<string>Notepad</string>
			<key>productReference</key>
			<string>C70F6E9118A0F35800A004E7</string>
			<key>productType</key>
			<string>com.apple.product-type.application</string>
		</dict>
		<key>C70F6E9118A0F35800A004E7</key>
		<dict>
			<key>explicitFileType</key>
			<string>wrapper.application</string>
			<key>includeInIndex</key>
			<string>0</string>
			<key>isa</key>
			<string>PBXFileReference</string>
			<key>path</key>
			<string>Notepad.app</string>
			<key>sourceTree</key>
			<string>BUILT_PRODUCTS_DIR</string>
		</dict>
		<key>C70F6E9218A0F35800A004E7</key>
		<dict>
			<key>children</key>
			<array>
				<string>C70F6E9118A0F35800A004E7</string>
				<string>C70F6EBA18A0F35800A004E7</string>
			</array>
			<key>isa</key>
			<string>PBXGroup</string>
			<key>name</key>
			<string>Products</string>
			<key>sourceTree</key>
			<string>&lt;group&gt;</string>
		</dict>
		<key>C70F6E9318A0F35800A004E7</key>
		<dict>
			<key>children</key>
			<array>
				<string>C70F6E9418A0F35800A004E7</string>
				<string>C70F6E9618A0F35800A004E7</string>
				<string>C70F6E9818A0F35800A004E7</string>
				<string>C70F6E9A18A0F35800A004E7</string>
				<string>C70F6EBB18A0F35800A004E7</string>
				<string>76ac340e9e56fcc91ec1d8e3</string>
				<string>b7bc70136d6314791d20a822</string>
			</array>
			<key>isa</key>
			<string>PBXGroup</string>
			<key>name</key>
			<string>Frameworks</string>
			<key>path</key>
			<string></string>
			<key>sourceTree</key>
			<string>&lt;group&gt;</string>
		</dict>
		<key>C70F6E9418A0F35800A004E7</key>
		<dict>
			<key>isa</key>
			<string>PBXFileReference</string>
			<key>lastKnownFileType</key>
			<string>wrapper.framework</string>
			<key>name</key>
			<string>Foundation.framework</string>
			<key>path</key>
			<string>System/Library/Frameworks/Foundation.framework</string>
			<key>sourceTree</key>
			<string>SDKROOT</string>
		</dict>
		<key>C70F6E9518A0F35800A004E7</key>
		<dict>
			<key>fileRef</key>
			<string>C70F6E9418A0F35800A004E7</string>
			<key>isa</key>
			<string>PBXBuildFile</string>
		</dict>
		<key>C70F6E9618A0F35800A004E7</key>
		<dict>
			<key>isa</key>
			<string>PBXFileReference</string>
			<key>lastKnownFileType</key>
			<string>wrapper.framework</string>
			<key>name</key>
			<string>CoreGraphics.framework</string>
			<key>path</key>
			<string>System/Library/Frameworks/CoreGraphics.framework</string>
			<key>sourceTree</key>
			<string>SDKROOT</string>
		</dict>
		<key>C70F6E9718A0F35800A004E7</key>
		<dict>
			<key>fileRef</key>
			<string>C70F6E9618A0F35800A004E7</string>
			<key>isa</key>
			<string>PBXBuildFile</string>
		</dict>
		<key>C70F6E9818A0F35800A004E7</key>
		<dict>
			<key>isa</key>
			<string>PBXFileReference</string>
			<key>lastKnownFileType</key>
			<string>wrapper.framework</string>
			<key>name</key>
			<string>UIKit.framework</string>
			<key>path</key>
			<string>System/Library/Frameworks/UIKit.framework</string>
			<key>sourceTree</key>
			<string>SDKROOT</string>
		</dict>
		<key>C70F6E9918A0F35800A004E7</key>
		<dict>
			<key>fileRef</key>
			<string>C70F6E9818A0F35800A004E7</string>
			<key>isa</key>
			<string>PBXBuildFile</string>
		</dict>
		<key>C70F6E9A18A0F35800A004E7</key>
		<dict>
			<key>isa</key>
			<string>PBXFileReference</string>
			<key>lastKnownFileType</key>
			<string>wrapper.framework</string>
			<key>name</key>
			<string>CoreData.framework</string>
			<key>path</key>
			<string>System/Library/Frameworks/CoreData.framework</string>
			<key>sourceTree</key>
			<string>SDKROOT</string>
		</dict>
		<key>C70F6E9B18A0F35800A004E7</key>
		<dict>
			<key>fileRef</key>
			<string>C70F6E9A18A0F35800A004E7</string>
			<key>isa</key>
			<string>PBXBuildFile</string>
		</dict>
		<key>C70F6E9C18A0F35800A004E7</key>
		<dict>
			<key>children</key>
			<array>
				<string>C70F6EA518A0F35800A004E7</string>
				<string>C70F6EA618A0F35800A004E7</string>
				<string>C70F6EA818A0F35800A004E7</string>
				<string>C70F6EAE18A0F35800A004E7</string>
				<string>C70F6EAF18A0F35800A004E7</string>
				<string>C70F6EB118A0F35800A004E7</string>
				<string>C70F6EB218A0F35800A004E7</string>
				<string>C70F6EB418A0F35800A004E7</string>
				<string>C70F6ED518A0F9E500A004E7</string>
				<string>C70F6ED618A0F9E500A004E7</string>
				<string>C70F6EAB18A0F35800A004E7</string>
				<string>C70F6E9D18A0F35800A004E7</string>
			</array>
			<key>isa</key>
			<string>PBXGroup</string>
			<key>path</key>
			<string>Notepad</string>
			<key>sourceTree</key>
			<string>&lt;group&gt;</string>
		</dict>
		<key>C70F6E9D18A0F35800A004E7</key>
		<dict>
			<key>children</key>
			<array>
				<string>C70F6E9E18A0F35800A004E7</string>
				<string>C70F6E9F18A0F35800A004E7</string>
				<string>C70F6EA218A0F35800A004E7</string>
				<string>C70F6EA418A0F35800A004E7</string>
			</array>
			<key>isa</key>
			<string>PBXGroup</string>
			<key>name</key>
			<string>Supporting Files</string>
			<key>sourceTree</key>
			<string>&lt;group&gt;</string>
		</dict>
		<key>C70F6E9E18A0F35800A004E7</key>
		<dict>
			<key>isa</key>
			<string>PBXFileReference</string>
			<key>lastKnownFileType</key>
			<string>text.plist.xml</string>
			<key>path</key>
			<string>Notepad-Info.plist</string>
			<key>sourceTree</key>
			<string>&lt;group&gt;</string>
		</dict>
		<key>C70F6E9F18A0F35800A004E7</key>
		<dict>
			<key>children</key>
			<array>
				<string>C70F6EA018A0F35800A004E7</string>
			</array>
			<key>isa</key>
			<string>PBXVariantGroup</string>
			<key>name</key>
			<string>InfoPlist.strings</string>
			<key>sourceTree</key>
			<string>&lt;group&gt;</string>
		</dict>
		<key>C70F6EA018A0F35800A004E7</key>
		<dict>
			<key>isa</key>
			<string>PBXFileReference</string>
			<key>lastKnownFileType</key>
			<string>text.plist.strings</string>
			<key>name</key>
			<string>en</string>
			<key>path</key>
			<string>en.lproj/InfoPlist.strings</string>
			<key>sourceTree</key>
			<string>&lt;group&gt;</string>
		</dict>
		<key>C70F6EA118A0F35800A004E7</key>
		<dict>
			<key>fileRef</key>
			<string>C70F6E9F18A0F35800A004E7</string>
			<key>isa</key>
			<string>PBXBuildFile</string>
		</dict>
		<key>C70F6EA218A0F35800A004E7</key>
		<dict>
			<key>isa</key>
			<string>PBXFileReference</string>
			<key>lastKnownFileType</key>
			<string>sourcecode.c.objc</string>
			<key>path</key>
			<string>main.m</string>
			<key>sourceTree</key>
			<string>&lt;group&gt;</string>
		</dict>
		<key>C70F6EA318A0F35800A004E7</key>
		<dict>
			<key>fileRef</key>
			<string>C70F6EA218A0F35800A004E7</string>
			<key>isa</key>
			<string>PBXBuildFile</string>
		</dict>
		<key>C70F6EA418A0F35800A004E7</key>
		<dict>
			<key>isa</key>
			<string>PBXFileReference</string>
			<key>lastKnownFileType</key>
			<string>sourcecode.c.h</string>
			<key>path</key>
			<string>Notepad-Prefix.pch</string>
			<key>sourceTree</key>
			<string>&lt;group&gt;</string>
		</dict>
		<key>C70F6EA518A0F35800A004E7</key>
		<dict>
			<key>isa</key>
			<string>PBXFileReference</string>
			<key>lastKnownFileType</key>
			<string>sourcecode.c.h</string>
			<key>path</key>
			<string>CWAppDelegate.h</string>
			<key>sourceTree</key>
			<string>&lt;group&gt;</string>
		</dict>
		<key>C70F6EA618A0F35800A004E7</key>
		<dict>
			<key>isa</key>
			<string>PBXFileReference</string>
			<key>lastKnownFileType</key>
			<string>sourcecode.c.objc</string>
			<key>path</key>
			<string>CWAppDelegate.m</string>
			<key>sourceTree</key>
			<string>&lt;group&gt;</string>
		</dict>
		<key>C70F6EA718A0F35800A004E7</key>
		<dict>
			<key>fileRef</key>
			<string>C70F6EA618A0F35800A004E7</string>
			<key>isa</key>
			<string>PBXBuildFile</string>
		</dict>
		<key>C70F6EA818A0F35800A004E7</key>
		<dict>
			<key>children</key>
			<array>
				<string>C70F6EA918A0F35800A004E7</string>
			</array>
			<key>isa</key>
			<string>PBXVariantGroup</string>
			<key>name</key>
			<string>Main.storyboard</string>
			<key>sourceTree</key>
			<string>&lt;group&gt;</string>
		</dict>
		<key>C70F6EA918A0F35800A004E7</key>
		<dict>
			<key>isa</key>
			<string>PBXFileReference</string>
			<key>lastKnownFileType</key>
			<string>file.storyboard</string>
			<key>name</key>
			<string>Base</string>
			<key>path</key>
			<string>Base.lproj/Main.storyboard</string>
			<key>sourceTree</key>
			<string>&lt;group&gt;</string>
		</dict>
		<key>C70F6EAA18A0F35800A004E7</key>
		<dict>
			<key>fileRef</key>
			<string>C70F6EA818A0F35800A004E7</string>
			<key>isa</key>
			<string>PBXBuildFile</string>
		</dict>
		<key>C70F6EAB18A0F35800A004E7</key>
		<dict>
			<key>children</key>
			<array>
				<string>C70F6EAC18A0F35800A004E7</string>
			</array>
			<key>currentVersion</key>
			<string>C70F6EAC18A0F35800A004E7</string>
			<key>isa</key>
			<string>XCVersionGroup</string>
			<key>path</key>
			<string>Notepad.xcdatamodeld</string>
			<key>sourceTree</key>
			<string>&lt;group&gt;</string>
			<key>versionGroupType</key>
			<string>wrapper.xcdatamodel</string>
		</dict>
		<key>C70F6EAC18A0F35800A004E7</key>
		<dict>
			<key>isa</key>
			<string>PBXFileReference</string>
			<key>lastKnownFileType</key>
			<string>wrapper.xcdatamodel</string>
			<key>path</key>
			<string>Notepad.xcdatamodel</string>
			<key>sourceTree</key>
			<string>&lt;group&gt;</string>
		</dict>
		<key>C70F6EAD18A0F35800A004E7</key>
		<dict>
			<key>fileRef</key>
			<string>C70F6EAB18A0F35800A004E7</string>
			<key>isa</key>
			<string>PBXBuildFile</string>
		</dict>
		<key>C70F6EAE18A0F35800A004E7</key>
		<dict>
			<key>isa</key>
			<string>PBXFileReference</string>
			<key>lastKnownFileType</key>
			<string>sourcecode.c.h</string>
			<key>path</key>
			<string>CWMasterViewController.h</string>
			<key>sourceTree</key>
			<string>&lt;group&gt;</string>
		</dict>
		<key>C70F6EAF18A0F35800A004E7</key>
		<dict>
			<key>isa</key>
			<string>PBXFileReference</string>
			<key>lastKnownFileType</key>
			<string>sourcecode.c.objc</string>
			<key>path</key>
			<string>CWMasterViewController.m</string>
			<key>sourceTree</key>
			<string>&lt;group&gt;</string>
		</dict>
		<key>C70F6EB018A0F35800A004E7</key>
		<dict>
			<key>fileRef</key>
			<string>C70F6EAF18A0F35800A004E7</string>
			<key>isa</key>
			<string>PBXBuildFile</string>
		</dict>
		<key>C70F6EB118A0F35800A004E7</key>
		<dict>
			<key>isa</key>
			<string>PBXFileReference</string>
			<key>lastKnownFileType</key>
			<string>sourcecode.c.h</string>
			<key>path</key>
			<string>CWDetailViewController.h</string>
			<key>sourceTree</key>
			<string>&lt;group&gt;</string>
		</dict>
		<key>C70F6EB218A0F35800A004E7</key>
		<dict>
			<key>isa</key>
			<string>PBXFileReference</string>
			<key>lastKnownFileType</key>
			<string>sourcecode.c.objc</string>
			<key>path</key>
			<string>CWDetailViewController.m</string>
			<key>sourceTree</key>
			<string>&lt;group&gt;</string>
		</dict>
		<key>C70F6EB318A0F35800A004E7</key>
		<dict>
			<key>fileRef</key>
			<string>C70F6EB218A0F35800A004E7</string>
			<key>isa</key>
			<string>PBXBuildFile</string>
		</dict>
		<key>C70F6EB418A0F35800A004E7</key>
		<dict>
			<key>isa</key>
			<string>PBXFileReference</string>
			<key>lastKnownFileType</key>
			<string>folder.assetcatalog</string>
			<key>path</key>
			<string>Images.xcassets</string>
			<key>sourceTree</key>
			<string>&lt;group&gt;</string>
		</dict>
		<key>C70F6EB518A0F35800A004E7</key>
		<dict>
			<key>fileRef</key>
			<string>C70F6EB418A0F35800A004E7</string>
			<key>isa</key>
			<string>PBXBuildFile</string>
		</dict>
		<key>C70F6EB618A0F35800A004E7</key>
		<dict>
			<key>buildActionMask</key>
			<string>2147483647</string>
			<key>files</key>
			<array>
				<string>C70F6EC918A0F35800A004E7</string>
			</array>
			<key>isa</key>
			<string>PBXSourcesBuildPhase</string>
			<key>runOnlyForDeploymentPostprocessing</key>
			<string>0</string>
		</dict>
		<key>C70F6EB718A0F35800A004E7</key>
		<dict>
			<key>buildActionMask</key>
			<string>2147483647</string>
			<key>files</key>
			<array>
				<string>C70F6EBC18A0F35800A004E7</string>
				<string>C70F6EBF18A0F35800A004E7</string>
				<string>C70F6EBE18A0F35800A004E7</string>
				<string>C70F6EBD18A0F35800A004E7</string>
			</array>
			<key>isa</key>
			<string>PBXFrameworksBuildPhase</string>
			<key>runOnlyForDeploymentPostprocessing</key>
			<string>0</string>
		</dict>
		<key>C70F6EB818A0F35800A004E7</key>
		<dict>
			<key>buildActionMask</key>
			<string>2147483647</string>
			<key>files</key>
			<array>
				<string>C70F6EC718A0F35800A004E7</string>
			</array>
			<key>isa</key>
			<string>PBXResourcesBuildPhase</string>
			<key>runOnlyForDeploymentPostprocessing</key>
			<string>0</string>
		</dict>
		<key>C70F6EB918A0F35800A004E7</key>
		<dict>
			<key>buildConfigurationList</key>
			<string>C70F6ECF18A0F35800A004E7</string>
			<key>buildPhases</key>
			<array>
				<string>C70F6EB618A0F35800A004E7</string>
				<string>C70F6EB718A0F35800A004E7</string>
				<string>C70F6EB818A0F35800A004E7</string>
			</array>
			<key>buildRules</key>
			<array/>
			<key>dependencies</key>
			<array>
				<string>C70F6EC118A0F35800A004E7</string>
			</array>
			<key>isa</key>
			<string>PBXNativeTarget</string>
			<key>name</key>
			<string>NotepadTests</string>
			<key>productName</key>
			<string>NotepadTests</string>
			<key>productReference</key>
			<string>C70F6EBA18A0F35800A004E7</string>
			<key>productType</key>
			<string>com.apple.product-type.bundle.unit-test</string>
		</dict>
		<key>C70F6EBA18A0F35800A004E7</key>
		<dict>
			<key>explicitFileType</key>
			<string>wrapper.cfbundle</string>
			<key>includeInIndex</key>
			<string>0</string>
			<key>isa</key>
			<string>PBXFileReference</string>
			<key>path</key>
			<string>NotepadTests.xctest</string>
			<key>sourceTree</key>
			<string>BUILT_PRODUCTS_DIR</string>
		</dict>
		<key>C70F6EBB18A0F35800A004E7</key>
		<dict>
			<key>isa</key>
			<string>PBXFileReference</string>
			<key>lastKnownFileType</key>
			<string>wrapper.framework</string>
			<key>name</key>
			<string>XCTest.framework</string>
			<key>path</key>
			<string>Library/Frameworks/XCTest.framework</string>
			<key>sourceTree</key>
			<string>DEVELOPER_DIR</string>
		</dict>
		<key>C70F6EBC18A0F35800A004E7</key>
		<dict>
			<key>fileRef</key>
			<string>C70F6EBB18A0F35800A004E7</string>
			<key>isa</key>
			<string>PBXBuildFile</string>
		</dict>
		<key>C70F6EBD18A0F35800A004E7</key>
		<dict>
			<key>fileRef</key>
			<string>C70F6E9418A0F35800A004E7</string>
			<key>isa</key>
			<string>PBXBuildFile</string>
		</dict>
		<key>C70F6EBE18A0F35800A004E7</key>
		<dict>
			<key>fileRef</key>
			<string>C70F6E9818A0F35800A004E7</string>
			<key>isa</key>
			<string>PBXBuildFile</string>
		</dict>
		<key>C70F6EBF18A0F35800A004E7</key>
		<dict>
			<key>fileRef</key>
			<string>C70F6E9A18A0F35800A004E7</string>
			<key>isa</key>
			<string>PBXBuildFile</string>
		</dict>
		<key>C70F6EC018A0F35800A004E7</key>
		<dict>
			<key>containerPortal</key>
			<string>C70F6E8918A0F35800A004E7</string>
			<key>isa</key>
			<string>PBXContainerItemProxy</string>
			<key>proxyType</key>
			<string>1</string>
			<key>remoteGlobalIDString</key>
			<string>C70F6E9018A0F35800A004E7</string>
			<key>remoteInfo</key>
			<string>Notepad</string>
		</dict>
		<key>C70F6EC118A0F35800A004E7</key>
		<dict>
			<key>isa</key>
			<string>PBXTargetDependency</string>
			<key>target</key>
			<string>C70F6E9018A0F35800A004E7</string>
			<key>targetProxy</key>
			<string>C70F6EC018A0F35800A004E7</string>
		</dict>
		<key>C70F6EC218A0F35800A004E7</key>
		<dict>
			<key>children</key>
			<array>
				<string>C70F6EC818A0F35800A004E7</string>
				<string>C70F6EC318A0F35800A004E7</string>
			</array>
			<key>isa</key>
			<string>PBXGroup</string>
			<key>path</key>
			<string>NotepadTests</string>
			<key>sourceTree</key>
			<string>&lt;group&gt;</string>
		</dict>
		<key>C70F6EC318A0F35800A004E7</key>
		<dict>
			<key>children</key>
			<array>
				<string>C70F6EC418A0F35800A004E7</string>
				<string>C70F6EC518A0F35800A004E7</string>
			</array>
			<key>isa</key>
			<string>PBXGroup</string>
			<key>name</key>
			<string>Supporting Files</string>
			<key>sourceTree</key>
			<string>&lt;group&gt;</string>
		</dict>
		<key>C70F6EC418A0F35800A004E7</key>
		<dict>
			<key>isa</key>
			<string>PBXFileReference</string>
			<key>lastKnownFileType</key>
			<string>text.plist.xml</string>
			<key>path</key>
			<string>NotepadTests-Info.plist</string>
			<key>sourceTree</key>
			<string>&lt;group&gt;</string>
		</dict>
		<key>C70F6EC518A0F35800A004E7</key>
		<dict>
			<key>children</key>
			<array>
				<string>C70F6EC618A0F35800A004E7</string>
			</array>
			<key>isa</key>
			<string>PBXVariantGroup</string>
			<key>name</key>
			<string>InfoPlist.strings</string>
			<key>sourceTree</key>
			<string>&lt;group&gt;</string>
		</dict>
		<key>C70F6EC618A0F35800A004E7</key>
		<dict>
			<key>isa</key>
			<string>PBXFileReference</string>
			<key>lastKnownFileType</key>
			<string>text.plist.strings</string>
			<key>name</key>
			<string>en</string>
			<key>path</key>
			<string>en.lproj/InfoPlist.strings</string>
			<key>sourceTree</key>
			<string>&lt;group&gt;</string>
		</dict>
		<key>C70F6EC718A0F35800A004E7</key>
		<dict>
			<key>fileRef</key>
			<string>C70F6EC518A0F35800A004E7</string>
			<key>isa</key>
			<string>PBXBuildFile</string>
		</dict>
		<key>C70F6EC818A0F35800A004E7</key>
		<dict>
			<key>isa</key>
			<string>PBXFileReference</string>
			<key>lastKnownFileType</key>
			<string>sourcecode.c.objc</string>
			<key>path</key>
			<string>NotepadTests.m</string>
			<key>sourceTree</key>
			<string>&lt;group&gt;</string>
		</dict>
		<key>C70F6EC918A0F35800A004E7</key>
		<dict>
			<key>fileRef</key>
			<string>C70F6EC818A0F35800A004E7</string>
			<key>isa</key>
			<string>PBXBuildFile</string>
		</dict>
		<key>C70F6ECA18A0F35800A004E7</key>
		<dict>
			<key>buildSettings</key>
			<dict>
				<key>ALWAYS_SEARCH_USER_PATHS</key>
				<string>NO</string>
				<key>ARCHS</key>
				<string>$(ARCHS_STANDARD_INCLUDING_64_BIT)</string>
				<key>CLANG_CXX_LANGUAGE_STANDARD</key>
				<string>gnu++0x</string>
				<key>CLANG_CXX_LIBRARY</key>
				<string>libc++</string>
				<key>CLANG_ENABLE_MODULES</key>
				<string>YES</string>
				<key>CLANG_ENABLE_OBJC_ARC</key>
				<string>YES</string>
				<key>CLANG_WARN_BOOL_CONVERSION</key>
				<string>YES</string>
				<key>CLANG_WARN_CONSTANT_CONVERSION</key>
				<string>YES</string>
				<key>CLANG_WARN_DIRECT_OBJC_ISA_USAGE</key>
				<string>YES_ERROR</string>
				<key>CLANG_WARN_EMPTY_BODY</key>
				<string>YES</string>
				<key>CLANG_WARN_ENUM_CONVERSION</key>
				<string>YES</string>
				<key>CLANG_WARN_INT_CONVERSION</key>
				<string>YES</string>
				<key>CLANG_WARN_OBJC_ROOT_CLASS</key>
				<string>YES_ERROR</string>
				<key>CLANG_WARN__DUPLICATE_METHOD_MATCH</key>
				<string>YES</string>
				<key>CODE_SIGN_IDENTITY[sdk=iphoneos*]</key>
				<string>iPhone Developer</string>
				<key>COPY_PHASE_STRIP</key>
				<string>NO</string>
				<key>GCC_C_LANGUAGE_STANDARD</key>
				<string>gnu99</string>
				<key>GCC_DYNAMIC_NO_PIC</key>
				<string>NO</string>
				<key>GCC_OPTIMIZATION_LEVEL</key>
				<string>0</string>
				<key>GCC_PREPROCESSOR_DEFINITIONS</key>
				<array>
					<string>DEBUG=1</string>
					<string>$(inherited)</string>
				</array>
				<key>GCC_SYMBOLS_PRIVATE_EXTERN</key>
				<string>NO</string>
				<key>GCC_WARN_64_TO_32_BIT_CONVERSION</key>
				<string>YES</string>
				<key>GCC_WARN_ABOUT_RETURN_TYPE</key>
				<string>YES_ERROR</string>
				<key>GCC_WARN_UNDECLARED_SELECTOR</key>
				<string>YES</string>
				<key>GCC_WARN_UNINITIALIZED_AUTOS</key>
				<string>YES</string>
				<key>GCC_WARN_UNUSED_FUNCTION</key>
				<string>YES</string>
				<key>GCC_WARN_UNUSED_VARIABLE</key>
				<string>YES</string>
				<key>IPHONEOS_DEPLOYMENT_TARGET</key>
				<string>7.0</string>
				<key>ONLY_ACTIVE_ARCH</key>
				<string>YES</string>
				<key>SDKROOT</key>
				<string>iphoneos</string>
			</dict>
			<key>isa</key>
			<string>XCBuildConfiguration</string>
			<key>name</key>
			<string>Debug</string>
		</dict>
		<key>C70F6ECB18A0F35800A004E7</key>
		<dict>
			<key>buildSettings</key>
			<dict>
				<key>ALWAYS_SEARCH_USER_PATHS</key>
				<string>NO</string>
				<key>ARCHS</key>
				<string>$(ARCHS_STANDARD_INCLUDING_64_BIT)</string>
				<key>CLANG_CXX_LANGUAGE_STANDARD</key>
				<string>gnu++0x</string>
				<key>CLANG_CXX_LIBRARY</key>
				<string>libc++</string>
				<key>CLANG_ENABLE_MODULES</key>
				<string>YES</string>
				<key>CLANG_ENABLE_OBJC_ARC</key>
				<string>YES</string>
				<key>CLANG_WARN_BOOL_CONVERSION</key>
				<string>YES</string>
				<key>CLANG_WARN_CONSTANT_CONVERSION</key>
				<string>YES</string>
				<key>CLANG_WARN_DIRECT_OBJC_ISA_USAGE</key>
				<string>YES_ERROR</string>
				<key>CLANG_WARN_EMPTY_BODY</key>
				<string>YES</string>
				<key>CLANG_WARN_ENUM_CONVERSION</key>
				<string>YES</string>
				<key>CLANG_WARN_INT_CONVERSION</key>
				<string>YES</string>
				<key>CLANG_WARN_OBJC_ROOT_CLASS</key>
				<string>YES_ERROR</string>
				<key>CLANG_WARN__DUPLICATE_METHOD_MATCH</key>
				<string>YES</string>
				<key>CODE_SIGN_IDENTITY[sdk=iphoneos*]</key>
				<string>iPhone Developer</string>
				<key>COPY_PHASE_STRIP</key>
				<string>YES</string>
				<key>ENABLE_NS_ASSERTIONS</key>
				<string>NO</string>
				<key>GCC_C_LANGUAGE_STANDARD</key>
				<string>gnu99</string>
				<key>GCC_WARN_64_TO_32_BIT_CONVERSION</key>
				<string>YES</string>
				<key>GCC_WARN_ABOUT_RETURN_TYPE</key>
				<string>YES_ERROR</string>
				<key>GCC_WARN_UNDECLARED_SELECTOR</key>
				<string>YES</string>
				<key>GCC_WARN_UNINITIALIZED_AUTOS</key>
				<string>YES</string>
				<key>GCC_WARN_UNUSED_FUNCTION</key>
				<string>YES</string>
				<key>GCC_WARN_UNUSED_VARIABLE</key>
				<string>YES</string>
				<key>IPHONEOS_DEPLOYMENT_TARGET</key>
				<string>7.0</string>
				<key>SDKROOT</key>
				<string>iphoneos</string>
				<key>VALIDATE_PRODUCT</key>
				<string>YES</string>
			</dict>
			<key>isa</key>
			<string>XCBuildConfiguration</string>
			<key>name</key>
			<string>Release</string>
		</dict>
		<key>C70F6ECC18A0F35800A004E7</key>
		<dict>
			<key>buildConfigurations</key>
			<array>
				<string>C70F6ECD18A0F35800A004E7</string>
				<string>C70F6ECE18A0F35800A004E7</string>
			</array>
			<key>defaultConfigurationIsVisible</key>
			<string>0</string>
			<key>isa</key>
			<string>XCConfigurationList</string>
		</dict>
		<key>C70F6ECD18A0F35800A004E7</key>
		<dict>
			<key>buildSettings</key>
			<dict>
				<key>ASSETCATALOG_COMPILER_APPICON_NAME</key>
				<string>AppIcon</string>
				<key>ASSETCATALOG_COMPILER_LAUNCHIMAGE_NAME</key>
				<string>LaunchImage</string>
				<key>GCC_PRECOMPILE_PREFIX_HEADER</key>
				<string>YES</string>
				<key>GCC_PREFIX_HEADER</key>
				<string>Notepad/Notepad-Prefix.pch</string>
				<key>INFOPLIST_FILE</key>
				<string>Notepad/Notepad-Info.plist</string>
				<key>PRODUCT_NAME</key>
				<string>$(TARGET_NAME)</string>
				<key>WRAPPER_EXTENSION</key>
				<string>app</string>
			</dict>
			<key>isa</key>
			<string>XCBuildConfiguration</string>
			<key>name</key>
			<string>Debug</string>
		</dict>
		<key>C70F6ECE18A0F35800A004E7</key>
		<dict>
			<key>buildSettings</key>
			<dict>
				<key>ASSETCATALOG_COMPILER_APPICON_NAME</key>
				<string>AppIcon</string>
				<key>ASSETCATALOG_COMPILER_LAUNCHIMAGE_NAME</key>
				<string>LaunchImage</string>
				<key>GCC_PRECOMPILE_PREFIX_HEADER</key>
				<string>YES</string>
				<key>GCC_PREFIX_HEADER</key>
				<string>Notepad/Notepad-Prefix.pch</string>
				<key>INFOPLIST_FILE</key>
				<string>Notepad/Notepad-Info.plist</string>
				<key>PRODUCT_NAME</key>
				<string>$(TARGET_NAME)</string>
				<key>WRAPPER_EXTENSION</key>
				<string>app</string>
			</dict>
			<key>isa</key>
			<string>XCBuildConfiguration</string>
			<key>name</key>
			<string>Release</string>
		</dict>
		<key>C70F6ECF18A0F35800A004E7</key>
		<dict>
			<key>buildConfigurations</key>
			<array>
				<string>C70F6ED018A0F35800A004E7</string>
				<string>C70F6ED118A0F35800A004E7</string>
			</array>
			<key>defaultConfigurationIsVisible</key>
			<string>0</string>
			<key>isa</key>
			<string>XCConfigurationList</string>
		</dict>
		<key>C70F6ED018A0F35800A004E7</key>
		<dict>
			<key>buildSettings</key>
			<dict>
				<key>ARCHS</key>
				<string>$(ARCHS_STANDARD_INCLUDING_64_BIT)</string>
				<key>BUNDLE_LOADER</key>
				<string>$(BUILT_PRODUCTS_DIR)/Notepad.app/Notepad</string>
				<key>FRAMEWORK_SEARCH_PATHS</key>
				<array>
					<string>$(SDKROOT)/Developer/Library/Frameworks</string>
					<string>$(inherited)</string>
					<string>$(DEVELOPER_FRAMEWORKS_DIR)</string>
				</array>
				<key>GCC_PRECOMPILE_PREFIX_HEADER</key>
				<string>YES</string>
				<key>GCC_PREFIX_HEADER</key>
				<string>Notepad/Notepad-Prefix.pch</string>
				<key>GCC_PREPROCESSOR_DEFINITIONS</key>
				<array>
					<string>DEBUG=1</string>
					<string>$(inherited)</string>
				</array>
				<key>INFOPLIST_FILE</key>
				<string>NotepadTests/NotepadTests-Info.plist</string>
				<key>PRODUCT_NAME</key>
				<string>$(TARGET_NAME)</string>
				<key>TEST_HOST</key>
				<string>$(BUNDLE_LOADER)</string>
				<key>WRAPPER_EXTENSION</key>
				<string>xctest</string>
			</dict>
			<key>isa</key>
			<string>XCBuildConfiguration</string>
			<key>name</key>
			<string>Debug</string>
		</dict>
		<key>C70F6ED118A0F35800A004E7</key>
		<dict>
			<key>buildSettings</key>
			<dict>
				<key>ARCHS</key>
				<string>$(ARCHS_STANDARD_INCLUDING_64_BIT)</string>
				<key>BUNDLE_LOADER</key>
				<string>$(BUILT_PRODUCTS_DIR)/Notepad.app/Notepad</string>
				<key>FRAMEWORK_SEARCH_PATHS</key>
				<array>
					<string>$(SDKROOT)/Developer/Library/Frameworks</string>
					<string>$(inherited)</string>
					<string>$(DEVELOPER_FRAMEWORKS_DIR)</string>
				</array>
				<key>GCC_PRECOMPILE_PREFIX_HEADER</key>
				<string>YES</string>
				<key>GCC_PREFIX_HEADER</key>
				<string>Notepad/Notepad-Prefix.pch</string>
				<key>INFOPLIST_FILE</key>
				<string>NotepadTests/NotepadTests-Info.plist</string>
				<key>PRODUCT_NAME</key>
				<string>$(TARGET_NAME)</string>
				<key>TEST_HOST</key>
				<string>$(BUNDLE_LOADER)</string>
				<key>WRAPPER_EXTENSION</key>
				<string>xctest</string>
			</dict>
			<key>isa</key>
			<string>XCBuildConfiguration</string>
			<key>name</key>
			<string>Release</string>
		</dict>
		<key>C70F6ED518A0F9E500A004E7</key>
		<dict>
			<key>fileEncoding</key>
			<string>4</string>
			<key>isa</key>
			<string>PBXFileReference</string>
			<key>lastKnownFileType</key>
			<string>sourcecode.c.h</string>
			<key>path</key>
			<string>CWNote.h</string>
			<key>sourceTree</key>
			<string>&lt;group&gt;</string>
		</dict>
		<key>C70F6ED618A0F9E500A004E7</key>
		<dict>
			<key>fileEncoding</key>
			<string>4</string>
			<key>isa</key>
			<string>PBXFileReference</string>
			<key>lastKnownFileType</key>
			<string>sourcecode.c.objc</string>
			<key>path</key>
			<string>CWNote.m</string>
			<key>sourceTree</key>
			<string>&lt;group&gt;</string>
		</dict>
		<key>C70F6ED718A0F9E500A004E7</key>
		<dict>
			<key>fileRef</key>
			<string>C70F6ED618A0F9E500A004E7</string>
			<key>isa</key>
			<string>PBXBuildFile</string>
		</dict>
		<key>a718dcabec5f58be8727f1bb</key>
		<dict>
			<key>fileRef</key>
			<string>C70F6EAF18A0F35800A004E7</string>
			<key>isa</key>
			<string>PBXBuildFile</string>
		</dict>
		<key>aabc2e1806646a30755b9532</key>
		<dict>
			<key>fileRef</key>
			<string>b7bc70136d6314791d20a822</string>
			<key>isa</key>
			<string>PBXBuildFile</string>
		</dict>
		<key>b16e71805f3bcd06a2198174</key>
		<dict>
			<key>buildActionMask</key>
			<string>2147483647</string>
			<key>files</key>
			<array>
				<string>087091fc9b2b92b614c85773</string>
				<string>4fb60c645ac4e18525d20eaa</string>
				<string>254b4f487b300edd0ac1a1f2</string>
			</array>
			<key>isa</key>
			<string>PBXResourcesBuildPhase</string>
			<key>runOnlyForDeploymentPostprocessing</key>
			<string>0</string>
		</dict>
		<key>b61668583e4e936b2f96c7f0</key>
		<dict>
			<key>fileRef</key>
			<string>C70F6EA618A0F35800A004E7</string>
			<key>isa</key>
			<string>PBXBuildFile</string>
		</dict>
		<key>b7bc70136d6314791d20a822</key>
		<dict>
			<key>fileEncoding</key>
			<string>4</string>
			<key>isa</key>
			<string>PBXFileReference</string>
			<key>lastKnownFileType</key>
			<string>wrapper.framework</string>
			<key>name</key>
			<string>calabash.framework</string>
			<key>path</key>
			<string>calabash.framework</string>
			<key>sourceTree</key>
			<string>&lt;group&gt;</string>
		</dict>
		<key>bac4d9446b92c32b28406e3b</key>
		<dict>
			<key>buildActionMask</key>
			<string>2147483647</string>
			<key>files</key>
			<array>
				<string>a718dcabec5f58be8727f1bb</string>
				<string>00b15ae1335334f5f2059a34</string>
				<string>1c5d537316319c6c9bbfc6f6</string>
				<string>b61668583e4e936b2f96c7f0</string>
				<string>5bbfe376421188cdf208c211</string>
				<string>476df71d271298a4a05f5dec</string>
			</array>
			<key>isa</key>
			<string>PBXSourcesBuildPhase</string>
			<key>runOnlyForDeploymentPostprocessing</key>
			<string>0</string>
		</dict>
		<key>cd22360fe7d6991f62b29de8</key>
		<dict>
			<key>buildConfigurationList</key>
			<string>d1a8cbd5ce9d0cf74f0bb99a</string>
			<key>buildPhases</key>
			<array>
				<string>bac4d9446b92c32b28406e3b</string>
				<string>15a00a86334b4d496c32ee23</string>
				<string>b16e71805f3bcd06a2198174</string>
			</array>
			<key>buildRules</key>
			<array/>
			<key>dependencies</key>
			<array/>
			<key>isa</key>
			<string>PBXNativeTarget</string>
			<key>name</key>
			<string>Notepad-cal</string>
			<key>productName</key>
			<string>Notepad-cal</string>
			<key>productReference</key>
			<string>cd2aace602594f625edcb072</string>
			<key>productType</key>
			<string>com.apple.product-type.application</string>
		</dict>
		<key>cd2aace602594f625edcb072</key>
		<dict>
			<key>explicitFileType</key>
			<string>wrapper.application</string>
			<key>includeInIndex</key>
			<string>0</string>
			<key>isa</key>
			<string>PBXFileReference</string>
			<key>path</key>
			<string>Notepad-cal.app</string>
			<key>sourceTree</key>
			<string>BUILT_PRODUCTS_DIR</string>
		</dict>
		<key>d128f567f0e54992d211d840</key>
		<dict>
			<key>fileRef</key>
			<string>C70F6E9418A0F35800A004E7</string>
			<key>isa</key>
			<string>PBXBuildFile</string>
		</dict>
		<key>d1a8cbd5ce9d0cf74f0bb99a</key>
		<dict>
			<key>buildConfigurations</key>
			<array>
				<string>2829945639997a0d9c1be156</string>
				<string>1e9492ec63d3385f142402a7</string>
			</array>
			<key>defaultConfigurationIsVisible</key>
			<string>0</string>
			<key>isa</key>
			<string>XCConfigurationList</string>
		</dict>
		<key>d6ad8e17035a435d652bd268</key>
		<dict>
			<key>fileRef</key>
			<string>C70F6E9A18A0F35800A004E7</string>
			<key>isa</key>
			<string>PBXBuildFile</string>
		</dict>
		<key>e609f9bf26574b22390a3df2</key>
		<dict>
			<key>fileRef</key>
			<string>C70F6E9818A0F35800A004E7</string>
			<key>isa</key>
			<string>PBXBuildFile</string>
		</dict>
	</dict>
	<key>rootObject</key>
	<string>C70F6E8918A0F35800A004E7</string>
</dict>
</plist>
